// !$*UTF8*$!
{
	archiveVersion = 1;
	classes = {
	};
	objectVersion = 46;
	objects = {

/* Begin PBXBuildFile section */
		85441BEB212605630032EB7B /* AppDelegate.swift in Sources */ = {isa = PBXBuildFile; fileRef = 85441BEA212605630032EB7B /* AppDelegate.swift */; };
		85441BED212605630032EB7B /* ViewController.swift in Sources */ = {isa = PBXBuildFile; fileRef = 85441BEC212605630032EB7B /* ViewController.swift */; };
		85441BF0212605630032EB7B /* Main.storyboard in Resources */ = {isa = PBXBuildFile; fileRef = 85441BEE212605630032EB7B /* Main.storyboard */; };
		85441BF2212605630032EB7B /* Assets.xcassets in Resources */ = {isa = PBXBuildFile; fileRef = 85441BF1212605630032EB7B /* Assets.xcassets */; };
		85441BF5212605630032EB7B /* LaunchScreen.storyboard in Resources */ = {isa = PBXBuildFile; fileRef = 85441BF3212605630032EB7B /* LaunchScreen.storyboard */; };
		85441C00212605630032EB7B /* ConstraintsTests.swift in Sources */ = {isa = PBXBuildFile; fileRef = 85441BFF212605630032EB7B /* ConstraintsTests.swift */; };
		85441C0B212605630032EB7B /* ConstraintsUITests.swift in Sources */ = {isa = PBXBuildFile; fileRef = 85441C0A212605630032EB7B /* ConstraintsUITests.swift */; };
/* End PBXBuildFile section */

/* Begin PBXContainerItemProxy section */
		85441BFC212605630032EB7B /* PBXContainerItemProxy */ = {
			isa = PBXContainerItemProxy;
			containerPortal = 85441BDF212605610032EB7B /* Project object */;
			proxyType = 1;
			remoteGlobalIDString = 85441BE6212605620032EB7B;
			remoteInfo = Constraints;
		};
		85441C07212605630032EB7B /* PBXContainerItemProxy */ = {
			isa = PBXContainerItemProxy;
			containerPortal = 85441BDF212605610032EB7B /* Project object */;
			proxyType = 1;
			remoteGlobalIDString = 85441BE6212605620032EB7B;
			remoteInfo = Constraints;
		};
/* End PBXContainerItemProxy section */

/* Begin PBXFileReference section */
		85441BE7212605630032EB7B /* Constraints.app */ = {isa = PBXFileReference; explicitFileType = wrapper.application; includeInIndex = 0; path = Constraints.app; sourceTree = BUILT_PRODUCTS_DIR; };
		85441BEA212605630032EB7B /* AppDelegate.swift */ = {isa = PBXFileReference; lastKnownFileType = sourcecode.swift; path = AppDelegate.swift; sourceTree = "<group>"; };
		85441BEC212605630032EB7B /* ViewController.swift */ = {isa = PBXFileReference; lastKnownFileType = sourcecode.swift; path = ViewController.swift; sourceTree = "<group>"; };
		85441BEF212605630032EB7B /* Base */ = {isa = PBXFileReference; lastKnownFileType = file.storyboard; name = Base; path = Base.lproj/Main.storyboard; sourceTree = "<group>"; };
		85441BF1212605630032EB7B /* Assets.xcassets */ = {isa = PBXFileReference; lastKnownFileType = folder.assetcatalog; path = Assets.xcassets; sourceTree = "<group>"; };
		85441BF4212605630032EB7B /* Base */ = {isa = PBXFileReference; lastKnownFileType = file.storyboard; name = Base; path = Base.lproj/LaunchScreen.storyboard; sourceTree = "<group>"; };
		85441BF6212605630032EB7B /* Info.plist */ = {isa = PBXFileReference; lastKnownFileType = text.plist.xml; path = Info.plist; sourceTree = "<group>"; };
		85441BFB212605630032EB7B /* ConstraintsTests.xctest */ = {isa = PBXFileReference; explicitFileType = wrapper.cfbundle; includeInIndex = 0; path = ConstraintsTests.xctest; sourceTree = BUILT_PRODUCTS_DIR; };
		85441BFF212605630032EB7B /* ConstraintsTests.swift */ = {isa = PBXFileReference; lastKnownFileType = sourcecode.swift; path = ConstraintsTests.swift; sourceTree = "<group>"; };
		85441C01212605630032EB7B /* Info.plist */ = {isa = PBXFileReference; lastKnownFileType = text.plist.xml; path = Info.plist; sourceTree = "<group>"; };
		85441C06212605630032EB7B /* ConstraintsUITests.xctest */ = {isa = PBXFileReference; explicitFileType = wrapper.cfbundle; includeInIndex = 0; path = ConstraintsUITests.xctest; sourceTree = BUILT_PRODUCTS_DIR; };
		85441C0A212605630032EB7B /* ConstraintsUITests.swift */ = {isa = PBXFileReference; lastKnownFileType = sourcecode.swift; path = ConstraintsUITests.swift; sourceTree = "<group>"; };
		85441C0C212605630032EB7B /* Info.plist */ = {isa = PBXFileReference; lastKnownFileType = text.plist.xml; path = Info.plist; sourceTree = "<group>"; };
/* End PBXFileReference section */

/* Begin PBXFrameworksBuildPhase section */
		85441BE4212605620032EB7B /* Frameworks */ = {
			isa = PBXFrameworksBuildPhase;
			buildActionMask = 2147483647;
			files = (
			);
			runOnlyForDeploymentPostprocessing = 0;
		};
		85441BF8212605630032EB7B /* Frameworks */ = {
			isa = PBXFrameworksBuildPhase;
			buildActionMask = 2147483647;
			files = (
			);
			runOnlyForDeploymentPostprocessing = 0;
		};
		85441C03212605630032EB7B /* Frameworks */ = {
			isa = PBXFrameworksBuildPhase;
			buildActionMask = 2147483647;
			files = (
			);
			runOnlyForDeploymentPostprocessing = 0;
		};
/* End PBXFrameworksBuildPhase section */

/* Begin PBXGroup section */
		85441BDE212605610032EB7B = {
			isa = PBXGroup;
			children = (
				85441BE9212605630032EB7B /* Constraints */,
				85441BFE212605630032EB7B /* ConstraintsTests */,
				85441C09212605630032EB7B /* ConstraintsUITests */,
				85441BE8212605630032EB7B /* Products */,
			);
			sourceTree = "<group>";
		};
		85441BE8212605630032EB7B /* Products */ = {
			isa = PBXGroup;
			children = (
				85441BE7212605630032EB7B /* Constraints.app */,
				85441BFB212605630032EB7B /* ConstraintsTests.xctest */,
				85441C06212605630032EB7B /* ConstraintsUITests.xctest */,
			);
			name = Products;
			sourceTree = "<group>";
		};
		85441BE9212605630032EB7B /* Constraints */ = {
			isa = PBXGroup;
			children = (
				85441BEA212605630032EB7B /* AppDelegate.swift */,
				85441BEC212605630032EB7B /* ViewController.swift */,
				85441BEE212605630032EB7B /* Main.storyboard */,
				85441BF1212605630032EB7B /* Assets.xcassets */,
				85441BF3212605630032EB7B /* LaunchScreen.storyboard */,
				85441BF6212605630032EB7B /* Info.plist */,
			);
			path = Constraints;
			sourceTree = "<group>";
		};
		85441BFE212605630032EB7B /* ConstraintsTests */ = {
			isa = PBXGroup;
			children = (
				85441BFF212605630032EB7B /* ConstraintsTests.swift */,
				85441C01212605630032EB7B /* Info.plist */,
			);
			path = ConstraintsTests;
			sourceTree = "<group>";
		};
		85441C09212605630032EB7B /* ConstraintsUITests */ = {
			isa = PBXGroup;
			children = (
				85441C0A212605630032EB7B /* ConstraintsUITests.swift */,
				85441C0C212605630032EB7B /* Info.plist */,
			);
			path = ConstraintsUITests;
			sourceTree = "<group>";
		};
/* End PBXGroup section */

/* Begin PBXNativeTarget section */
		85441BE6212605620032EB7B /* Constraints */ = {
			isa = PBXNativeTarget;
			buildConfigurationList = 85441C0F212605630032EB7B /* Build configuration list for PBXNativeTarget "Constraints" */;
			buildPhases = (
				85441BE3212605620032EB7B /* Sources */,
				85441BE4212605620032EB7B /* Frameworks */,
				85441BE5212605620032EB7B /* Resources */,
			);
			buildRules = (
			);
			dependencies = (
			);
			name = Constraints;
			productName = Constraints;
			productReference = 85441BE7212605630032EB7B /* Constraints.app */;
			productType = "com.apple.product-type.application";
		};
		85441BFA212605630032EB7B /* ConstraintsTests */ = {
			isa = PBXNativeTarget;
			buildConfigurationList = 85441C12212605630032EB7B /* Build configuration list for PBXNativeTarget "ConstraintsTests" */;
			buildPhases = (
				85441BF7212605630032EB7B /* Sources */,
				85441BF8212605630032EB7B /* Frameworks */,
				85441BF9212605630032EB7B /* Resources */,
			);
			buildRules = (
			);
			dependencies = (
				85441BFD212605630032EB7B /* PBXTargetDependency */,
			);
			name = ConstraintsTests;
			productName = ConstraintsTests;
			productReference = 85441BFB212605630032EB7B /* ConstraintsTests.xctest */;
			productType = "com.apple.product-type.bundle.unit-test";
		};
		85441C05212605630032EB7B /* ConstraintsUITests */ = {
			isa = PBXNativeTarget;
			buildConfigurationList = 85441C15212605630032EB7B /* Build configuration list for PBXNativeTarget "ConstraintsUITests" */;
			buildPhases = (
				85441C02212605630032EB7B /* Sources */,
				85441C03212605630032EB7B /* Frameworks */,
				85441C04212605630032EB7B /* Resources */,
			);
			buildRules = (
			);
			dependencies = (
				85441C08212605630032EB7B /* PBXTargetDependency */,
			);
			name = ConstraintsUITests;
			productName = ConstraintsUITests;
			productReference = 85441C06212605630032EB7B /* ConstraintsUITests.xctest */;
			productType = "com.apple.product-type.bundle.ui-testing";
		};
/* End PBXNativeTarget section */

/* Begin PBXProject section */
		85441BDF212605610032EB7B /* Project object */ = {
			isa = PBXProject;
			attributes = {
				LastSwiftUpdateCheck = 0820;
				LastUpgradeCheck = 0820;
				ORGANIZATIONNAME = Maestro;
				TargetAttributes = {
					85441BE6212605620032EB7B = {
						CreatedOnToolsVersion = 8.2;
						ProvisioningStyle = Automatic;
					};
					85441BFA212605630032EB7B = {
						CreatedOnToolsVersion = 8.2;
						ProvisioningStyle = Automatic;
						TestTargetID = 85441BE6212605620032EB7B;
					};
					85441C05212605630032EB7B = {
						CreatedOnToolsVersion = 8.2;
						ProvisioningStyle = Automatic;
						TestTargetID = 85441BE6212605620032EB7B;
					};
				};
			};
			buildConfigurationList = 85441BE2212605610032EB7B /* Build configuration list for PBXProject "Constraints" */;
			compatibilityVersion = "Xcode 3.2";
			developmentRegion = English;
			hasScannedForEncodings = 0;
			knownRegions = (
				en,
				Base,
			);
			mainGroup = 85441BDE212605610032EB7B;
			productRefGroup = 85441BE8212605630032EB7B /* Products */;
			projectDirPath = "";
			projectRoot = "";
			targets = (
				85441BE6212605620032EB7B /* Constraints */,
				85441BFA212605630032EB7B /* ConstraintsTests */,
				85441C05212605630032EB7B /* ConstraintsUITests */,
			);
		};
/* End PBXProject section */

/* Begin PBXResourcesBuildPhase section */
		85441BE5212605620032EB7B /* Resources */ = {
			isa = PBXResourcesBuildPhase;
			buildActionMask = 2147483647;
			files = (
				85441BF5212605630032EB7B /* LaunchScreen.storyboard in Resources */,
				85441BF2212605630032EB7B /* Assets.xcassets in Resources */,
				85441BF0212605630032EB7B /* Main.storyboard in Resources */,
			);
			runOnlyForDeploymentPostprocessing = 0;
		};
		85441BF9212605630032EB7B /* Resources */ = {
			isa = PBXResourcesBuildPhase;
			buildActionMask = 2147483647;
			files = (
			);
			runOnlyForDeploymentPostprocessing = 0;
		};
		85441C04212605630032EB7B /* Resources */ = {
			isa = PBXResourcesBuildPhase;
			buildActionMask = 2147483647;
			files = (
			);
			runOnlyForDeploymentPostprocessing = 0;
		};
/* End PBXResourcesBuildPhase section */

/* Begin PBXSourcesBuildPhase section */
		85441BE3212605620032EB7B /* Sources */ = {
			isa = PBXSourcesBuildPhase;
			buildActionMask = 2147483647;
			files = (
				85441BED212605630032EB7B /* ViewController.swift in Sources */,
				85441BEB212605630032EB7B /* AppDelegate.swift in Sources */,
			);
			runOnlyForDeploymentPostprocessing = 0;
		};
		85441BF7212605630032EB7B /* Sources */ = {
			isa = PBXSourcesBuildPhase;
			buildActionMask = 2147483647;
			files = (
				85441C00212605630032EB7B /* ConstraintsTests.swift in Sources */,
			);
			runOnlyForDeploymentPostprocessing = 0;
		};
		85441C02212605630032EB7B /* Sources */ = {
			isa = PBXSourcesBuildPhase;
			buildActionMask = 2147483647;
			files = (
				85441C0B212605630032EB7B /* ConstraintsUITests.swift in Sources */,
			);
			runOnlyForDeploymentPostprocessing = 0;
		};
/* End PBXSourcesBuildPhase section */

/* Begin PBXTargetDependency section */
		85441BFD212605630032EB7B /* PBXTargetDependency */ = {
			isa = PBXTargetDependency;
			target = 85441BE6212605620032EB7B /* Constraints */;
			targetProxy = 85441BFC212605630032EB7B /* PBXContainerItemProxy */;
		};
		85441C08212605630032EB7B /* PBXTargetDependency */ = {
			isa = PBXTargetDependency;
			target = 85441BE6212605620032EB7B /* Constraints */;
			targetProxy = 85441C07212605630032EB7B /* PBXContainerItemProxy */;
		};
/* End PBXTargetDependency section */

/* Begin PBXVariantGroup section */
		85441BEE212605630032EB7B /* Main.storyboard */ = {
			isa = PBXVariantGroup;
			children = (
				85441BEF212605630032EB7B /* Base */,
			);
			name = Main.storyboard;
			sourceTree = "<group>";
		};
		85441BF3212605630032EB7B /* LaunchScreen.storyboard */ = {
			isa = PBXVariantGroup;
			children = (
				85441BF4212605630032EB7B /* Base */,
			);
			name = LaunchScreen.storyboard;
			sourceTree = "<group>";
		};
/* End PBXVariantGroup section */

/* Begin XCBuildConfiguration section */
		85441C0D212605630032EB7B /* Debug */ = {
			isa = XCBuildConfiguration;
			buildSettings = {
				ALWAYS_SEARCH_USER_PATHS = NO;
				CLANG_ANALYZER_NONNULL = YES;
				CLANG_CXX_LANGUAGE_STANDARD = "gnu++0x";
				CLANG_CXX_LIBRARY = "libc++";
				CLANG_ENABLE_MODULES = YES;
				CLANG_ENABLE_OBJC_ARC = YES;
				CLANG_WARN_BOOL_CONVERSION = YES;
				CLANG_WARN_CONSTANT_CONVERSION = YES;
				CLANG_WARN_DIRECT_OBJC_ISA_USAGE = YES_ERROR;
				CLANG_WARN_DOCUMENTATION_COMMENTS = YES;
				CLANG_WARN_EMPTY_BODY = YES;
				CLANG_WARN_ENUM_CONVERSION = YES;
				CLANG_WARN_INFINITE_RECURSION = YES;
				CLANG_WARN_INT_CONVERSION = YES;
				CLANG_WARN_OBJC_ROOT_CLASS = YES_ERROR;
				CLANG_WARN_SUSPICIOUS_MOVE = YES;
				CLANG_WARN_UNREACHABLE_CODE = YES;
				CLANG_WARN__DUPLICATE_METHOD_MATCH = YES;
				"CODE_SIGN_IDENTITY[sdk=iphoneos*]" = "iPhone Developer";
				COPY_PHASE_STRIP = NO;
				DEBUG_INFORMATION_FORMAT = dwarf;
				ENABLE_STRICT_OBJC_MSGSEND = YES;
				ENABLE_TESTABILITY = YES;
				GCC_C_LANGUAGE_STANDARD = gnu99;
				GCC_DYNAMIC_NO_PIC = NO;
				GCC_NO_COMMON_BLOCKS = YES;
				GCC_OPTIMIZATION_LEVEL = 0;
				GCC_PREPROCESSOR_DEFINITIONS = (
					"DEBUG=1",
					"$(inherited)",
				);
				GCC_WARN_64_TO_32_BIT_CONVERSION = YES;
				GCC_WARN_ABOUT_RETURN_TYPE = YES_ERROR;
				GCC_WARN_UNDECLARED_SELECTOR = YES;
				GCC_WARN_UNINITIALIZED_AUTOS = YES_AGGRESSIVE;
				GCC_WARN_UNUSED_FUNCTION = YES;
				GCC_WARN_UNUSED_VARIABLE = YES;
				IPHONEOS_DEPLOYMENT_TARGET = 10.2;
				MTL_ENABLE_DEBUG_INFO = YES;
				ONLY_ACTIVE_ARCH = YES;
				SDKROOT = iphoneos;
				SWIFT_ACTIVE_COMPILATION_CONDITIONS = DEBUG;
				SWIFT_OPTIMIZATION_LEVEL = "-Onone";
				TARGETED_DEVICE_FAMILY = "1,2";
			};
			name = Debug;
		};
		85441C0E212605630032EB7B /* Release */ = {
			isa = XCBuildConfiguration;
			buildSettings = {
				ALWAYS_SEARCH_USER_PATHS = NO;
				CLANG_ANALYZER_NONNULL = YES;
				CLANG_CXX_LANGUAGE_STANDARD = "gnu++0x";
				CLANG_CXX_LIBRARY = "libc++";
				CLANG_ENABLE_MODULES = YES;
				CLANG_ENABLE_OBJC_ARC = YES;
				CLANG_WARN_BOOL_CONVERSION = YES;
				CLANG_WARN_CONSTANT_CONVERSION = YES;
				CLANG_WARN_DIRECT_OBJC_ISA_USAGE = YES_ERROR;
				CLANG_WARN_DOCUMENTATION_COMMENTS = YES;
				CLANG_WARN_EMPTY_BODY = YES;
				CLANG_WARN_ENUM_CONVERSION = YES;
				CLANG_WARN_INFINITE_RECURSION = YES;
				CLANG_WARN_INT_CONVERSION = YES;
				CLANG_WARN_OBJC_ROOT_CLASS = YES_ERROR;
				CLANG_WARN_SUSPICIOUS_MOVE = YES;
				CLANG_WARN_UNREACHABLE_CODE = YES;
				CLANG_WARN__DUPLICATE_METHOD_MATCH = YES;
				"CODE_SIGN_IDENTITY[sdk=iphoneos*]" = "iPhone Developer";
				COPY_PHASE_STRIP = NO;
				DEBUG_INFORMATION_FORMAT = "dwarf-with-dsym";
				ENABLE_NS_ASSERTIONS = NO;
				ENABLE_STRICT_OBJC_MSGSEND = YES;
				GCC_C_LANGUAGE_STANDARD = gnu99;
				GCC_NO_COMMON_BLOCKS = YES;
				GCC_WARN_64_TO_32_BIT_CONVERSION = YES;
				GCC_WARN_ABOUT_RETURN_TYPE = YES_ERROR;
				GCC_WARN_UNDECLARED_SELECTOR = YES;
				GCC_WARN_UNINITIALIZED_AUTOS = YES_AGGRESSIVE;
				GCC_WARN_UNUSED_FUNCTION = YES;
				GCC_WARN_UNUSED_VARIABLE = YES;
				IPHONEOS_DEPLOYMENT_TARGET = 10.2;
				MTL_ENABLE_DEBUG_INFO = NO;
				SDKROOT = iphoneos;
				SWIFT_OPTIMIZATION_LEVEL = "-Owholemodule";
				TARGETED_DEVICE_FAMILY = "1,2";
				VALIDATE_PRODUCT = YES;
			};
			name = Release;
		};
		85441C10212605630032EB7B /* Debug */ = {
			isa = XCBuildConfiguration;
			buildSettings = {
				ASSETCATALOG_COMPILER_APPICON_NAME = AppIcon;
				INFOPLIST_FILE = Constraints/Info.plist;
				LD_RUNPATH_SEARCH_PATHS = "$(inherited) @executable_path/Frameworks";
				PRODUCT_BUNDLE_IDENTIFIER = edu.ulsa.Constraints;
				PRODUCT_NAME = "$(TARGET_NAME)";
				SWIFT_VERSION = 3.0;
			};
			name = Debug;
		};
		85441C11212605630032EB7B /* Release */ = {
			isa = XCBuildConfiguration;
			buildSettings = {
				ASSETCATALOG_COMPILER_APPICON_NAME = AppIcon;
				INFOPLIST_FILE = Constraints/Info.plist;
				LD_RUNPATH_SEARCH_PATHS = "$(inherited) @executable_path/Frameworks";
				PRODUCT_BUNDLE_IDENTIFIER = edu.ulsa.Constraints;
				PRODUCT_NAME = "$(TARGET_NAME)";
				SWIFT_VERSION = 3.0;
			};
			name = Release;
		};
		85441C13212605630032EB7B /* Debug */ = {
			isa = XCBuildConfiguration;
			buildSettings = {
				ALWAYS_EMBED_SWIFT_STANDARD_LIBRARIES = YES;
				BUNDLE_LOADER = "$(TEST_HOST)";
				INFOPLIST_FILE = ConstraintsTests/Info.plist;
				LD_RUNPATH_SEARCH_PATHS = "$(inherited) @executable_path/Frameworks @loader_path/Frameworks";
				PRODUCT_BUNDLE_IDENTIFIER = edu.ulsa.ConstraintsTests;
				PRODUCT_NAME = "$(TARGET_NAME)";
				SWIFT_VERSION = 3.0;
				TEST_HOST = "$(BUILT_PRODUCTS_DIR)/Constraints.app/Constraints";
			};
			name = Debug;
		};
		85441C14212605630032EB7B /* Release */ = {
			isa = XCBuildConfiguration;
			buildSettings = {
				ALWAYS_EMBED_SWIFT_STANDARD_LIBRARIES = YES;
				BUNDLE_LOADER = "$(TEST_HOST)";
				INFOPLIST_FILE = ConstraintsTests/Info.plist;
				LD_RUNPATH_SEARCH_PATHS = "$(inherited) @executable_path/Frameworks @loader_path/Frameworks";
				PRODUCT_BUNDLE_IDENTIFIER = edu.ulsa.ConstraintsTests;
				PRODUCT_NAME = "$(TARGET_NAME)";
				SWIFT_VERSION = 3.0;
				TEST_HOST = "$(BUILT_PRODUCTS_DIR)/Constraints.app/Constraints";
			};
			name = Release;
		};
		85441C16212605630032EB7B /* Debug */ = {
			isa = XCBuildConfiguration;
			buildSettings = {
				ALWAYS_EMBED_SWIFT_STANDARD_LIBRARIES = YES;
				INFOPLIST_FILE = ConstraintsUITests/Info.plist;
				LD_RUNPATH_SEARCH_PATHS = "$(inherited) @executable_path/Frameworks @loader_path/Frameworks";
				PRODUCT_BUNDLE_IDENTIFIER = edu.ulsa.ConstraintsUITests;
				PRODUCT_NAME = "$(TARGET_NAME)";
				SWIFT_VERSION = 3.0;
				TEST_TARGET_NAME = Constraints;
			};
			name = Debug;
		};
		85441C17212605630032EB7B /* Release */ = {
			isa = XCBuildConfiguration;
			buildSettings = {
				ALWAYS_EMBED_SWIFT_STANDARD_LIBRARIES = YES;
				INFOPLIST_FILE = ConstraintsUITests/Info.plist;
				LD_RUNPATH_SEARCH_PATHS = "$(inherited) @executable_path/Frameworks @loader_path/Frameworks";
				PRODUCT_BUNDLE_IDENTIFIER = edu.ulsa.ConstraintsUITests;
				PRODUCT_NAME = "$(TARGET_NAME)";
				SWIFT_VERSION = 3.0;
				TEST_TARGET_NAME = Constraints;
			};
			name = Release;
		};
/* End XCBuildConfiguration section */

/* Begin XCConfigurationList section */
		85441BE2212605610032EB7B /* Build configuration list for PBXProject "Constraints" */ = {
			isa = XCConfigurationList;
			buildConfigurations = (
				85441C0D212605630032EB7B /* Debug */,
				85441C0E212605630032EB7B /* Release */,
			);
			defaultConfigurationIsVisible = 0;
			defaultConfigurationName = Release;
		};
		85441C0F212605630032EB7B /* Build configuration list for PBXNativeTarget "Constraints" */ = {
			isa = XCConfigurationList;
			buildConfigurations = (
				85441C10212605630032EB7B /* Debug */,
				85441C11212605630032EB7B /* Release */,
			);
			defaultConfigurationIsVisible = 0;
		};
		85441C12212605630032EB7B /* Build configuration list for PBXNativeTarget "ConstraintsTests" */ = {
			isa = XCConfigurationList;
			buildConfigurations = (
				85441C13212605630032EB7B /* Debug */,
				85441C14212605630032EB7B /* Release */,
			);
			defaultConfigurationIsVisible = 0;
		};
		85441C15212605630032EB7B /* Build configuration list for PBXNativeTarget "ConstraintsUITests" */ = {
			isa = XCConfigurationList;
			buildConfigurations = (
				85441C16212605630032EB7B /* Debug */,
				85441C17212605630032EB7B /* Release */,
			);
			defaultConfigurationIsVisible = 0;
		};
/* End XCConfigurationList section */
	};
	rootObject = 85441BDF212605610032EB7B /* Project object */;
}
